# This file is autogenerated, do not edit; changes may be undone by the next 'dep ensure'.


[[projects]]
  branch = "master"
  digest = "1:9569a7b92f7af54783a882e5d37596401540a0cd5d97201f0b7d8ef457657733"
  name = "github.com/AndreasBriese/bbloom"
  packages = ["."]
  pruneopts = ""
  revision = "28f7e881ca57bc00e028f9ede9f0d9104cfeef5e"

[[projects]]
  branch = "master"
  digest = "1:7c95e6ada3cb4c4034a75f88a137400dfe7cbd5823c66b2ec4b014018b537ff7"
  name = "github.com/agl/ed25519"
  packages = [
    ".",
    "edwards25519",
  ]
  pruneopts = ""
  revision = "5312a61534124124185d41f09206b9fef1d88403"

[[projects]]
  digest = "1:ed112122ed4a920d944cc99b9d00b0441c11685939c28462c719488d36fe29aa"
  name = "github.com/boltdb/bolt"
  packages = ["."]
  pruneopts = ""
  revision = "2f1ce7a837dcb8da3ec595b1dac9d0632f0f99e8"
  version = "v1.3.1"

[[projects]]
  branch = "master"
  digest = "1:422f38d57f1bc0fdc34f26d0f1026869a3710400b09b5478c9288efa13573cfa"
  name = "github.com/btcsuite/go-socks"
  packages = ["socks"]
  pruneopts = ""
  revision = "4720035b7bfd2a9bb130b1c184f8bbe41b6f0d0f"

[[projects]]
  branch = "master"
  digest = "1:73e8c7e9fcc5e303a712480e453232447ac49bc57d240de5731f789eb309658f"
  name = "github.com/dchest/blake256"
  packages = ["."]
  pruneopts = ""
  revision = "dee3fe6eb0e98dc774a94fc231f85baf7c29d360"

[[projects]]
  digest = "1:9b7a3b3bdd99d0029fae9a21969d9bcca0ad035a44639a5510fed88793a3f50b"
  name = "github.com/dchest/siphash"
  packages = ["."]
  pruneopts = ""
  revision = "ca249f45189071f5d44dc6401334e3572037b9cb"
  version = "v1.2.0"

[[projects]]
  branch = "master"
  digest = "1:9949fe0d4cc9ff8b19287545444774420e5f6ba90da135e4eb5fe8e7edc348d4"
  name = "github.com/decred/base58"
  packages = ["."]
  pruneopts = ""
  revision = "56c501706f00d9e1cfacee19a27117e12da24734"

[[projects]]
  branch = "master"
  digest = "1:f5183c5f4d8a8bf56fb1bb0c242b82a1b501fc9531788d97e8ec5aecec8c4e53"
  name = "github.com/decred/dcrd"
  packages = [
    "addrmgr",
    "blockchain",
    "blockchain/indexers",
    "blockchain/internal/dbnamespace",
    "blockchain/internal/progresslog",
    "blockchain/stake",
    "blockchain/stake/internal/dbnamespace",
    "blockchain/stake/internal/ticketdb",
    "blockchain/stake/internal/tickettreap",
    "chaincfg",
    "chaincfg/chainec",
    "chaincfg/chainhash",
    "connmgr",
    "database",
    "dcrec",
    "dcrec/edwards",
    "dcrec/secp256k1",
    "dcrec/secp256k1/schnorr",
    "dcrjson",
    "dcrutil",
    "gcs",
    "gcs/blockcf",
    "hdkeychain",
    "mempool",
    "mining",
    "rpcclient",
    "txscript",
    "wire",
  ]
  pruneopts = ""
  revision = "a1985a4b3af502b1ec4979356240a78af6772462"

[[projects]]
  branch = "pr-1244"
  digest = "1:01611f4fec4fbaf52dd1b847b0e02f13b8465562da43676895a71e4bc0d51558"
  name = "github.com/decred/dcrwallet"
  packages = [
    "chain",
    "deployments",
    "errors",
    "internal/helpers",
    "internal/zero",
    "loader",
    "lru",
    "netparams",
    "p2p",
    "pgpwordlist",
    "spv",
    "ticketbuyer",
    "ticketbuyer/v2",
    "validate",
    "version",
    "wallet",
    "wallet/drivers/badgerdb",
    "wallet/drivers/bdb",
    "wallet/internal/snacl",
    "wallet/internal/txsizes",
    "wallet/internal/walletdb",
    "wallet/internal/walletdb/badgerdb",
    "wallet/internal/walletdb/bdb",
    "wallet/txauthor",
    "wallet/txrules",
    "wallet/udb",
    "walletseed",
  ]
  pruneopts = ""
  revision = "4b07174763e49c8336a709c2148a9fae93e7a354"
  source = "github.com/raedahgroup/dcrwallet"

[[projects]]
  digest = "1:72c1f6339c7ca1ecea3e3d30f9cae51bfca19b02d04cfe7e6db32cbfb9a65ddc"
  name = "github.com/decred/slog"
  packages = ["."]
  pruneopts = ""
  revision = "fbd821ef791ba2b8ae945f5d44f4e49396d230c5"
  version = "v1.0.0"

[[projects]]
  branch = "master"
  digest = "1:5bf2c3aee3dcb1135588a76131b9f023d4005f1d4da005e343b1ad5386c5b64c"
  name = "github.com/dgraph-io/badger"
  packages = [
    ".",
    "options",
    "protos",
    "skl",
    "table",
    "y",
  ]
  pruneopts = ""
  revision = "3a87f6d9c273c4a5aaf4a69eb82ecfafc8d767d7"

[[projects]]
  branch = "master"
  digest = "1:2407d73d2349c9dd9d7b2c9fafcee9412444cb6cb261ee47ebb751b2a5507976"
  name = "github.com/dgryski/go-farm"
  packages = ["."]
  pruneopts = ""
  revision = "2de33835d10275975374b37b2dcfd22c9020a1f5"

[[projects]]
  digest = "1:3dd078fda7500c341bc26cfbc6c6a34614f295a2457149fc1045cab767cbcf18"
  name = "github.com/golang/protobuf"
  packages = ["proto"]
  pruneopts = ""
  revision = "aa810b61a9c79d51363740d207bb46cf8e620ed5"
  version = "v1.2.0"

[[projects]]
  digest = "1:e2766c5ca6578e62dfd0dca4eb40d4e3470c52a92abdf8f66e57d79f4d13ef5f"
  name = "github.com/gorilla/websocket"
  packages = ["."]
  pruneopts = ""
  revision = "3ff3320c2a1756a3691521efc290b4701575147c"
  version = "v1.3.0"

[[projects]]
  branch = "master"
  digest = "1:5e231a323e6e25870d122520aaf1b5ccaf61714e4c72908ecea0649675eb6917"
  name = "github.com/jrick/bitset"
  packages = ["."]
  pruneopts = ""
  revision = "06eae37cdf93c699c0503c23f998167ce841974c"

[[projects]]
  digest = "1:80178c385273ade9d14d523f23397468a70a3c14f9ab2b1b8c52cf35dbebe03d"
  name = "github.com/jrick/logrotate"
  packages = ["rotator"]
  pruneopts = ""
  revision = "a93b200c26cbae3bb09dd0dc2c7c7fe1468a034a"
  version = "v1.0.0"

[[projects]]
  digest = "1:7365acd48986e205ccb8652cc746f09c8b7876030d53710ea6ef7d0bd0dcd7ca"
  name = "github.com/pkg/errors"
  packages = ["."]
  pruneopts = ""
  revision = "645ef00459ed84a119197bfb8d8205042c6df63d"
  version = "v0.8.0"

[[projects]]
  branch = "master"
  digest = "1:793a79198b755828dec284c6f1325e24e09186f1b7ba818b65c7c35104ed86eb"
  name = "golang.org/x/crypto"
  packages = [
    "internal/subtle",
    "nacl/secretbox",
    "pbkdf2",
    "poly1305",
    "ripemd160",
    "salsa20/salsa",
    "scrypt",
  ]
  pruneopts = ""
  revision = "614d502a4dac94afa3a6ce146bd1736da82514c6"

[[projects]]
  branch = "master"
  digest = "1:7a1f3a425a5c3cbef7ff19f11aeef1b3c057a71b4df7f396af5c62cd220ba120"
  name = "golang.org/x/net"
  packages = [
    "context",
    "internal/timeseries",
    "trace",
  ]
  pruneopts = ""
  revision = "922f4815f713f213882e8ef45e0d315b164d705c"

[[projects]]
  branch = "master"
  digest = "1:b2ea75de0ccb2db2ac79356407f8a4cd8f798fe15d41b381c00abf3ae8e55ed1"
  name = "golang.org/x/sync"
  packages = ["errgroup"]
  pruneopts = ""
  revision = "1d60e4601c6fd243af51cc01ddf169918a5407ca"

[[projects]]
  branch = "master"
  digest = "1:54d1b4c40f05586ddc168fc0f94ceebe85bdb285613ae4a5dafd5e43b52b4d0f"
  name = "golang.org/x/sys"
  packages = ["unix"]
  pruneopts = ""
  revision = "3b58ed4ad3395d483fc92d5d14123ce2c3581fec"

[solve-meta]
  analyzer-name = "dep"
  analyzer-version = 1
  input-imports = [
    "github.com/decred/dcrd/addrmgr",
    "github.com/decred/dcrd/blockchain/stake",
    "github.com/decred/dcrd/chaincfg",
    "github.com/decred/dcrd/chaincfg/chainhash",
    "github.com/decred/dcrd/connmgr",
    "github.com/decred/dcrd/dcrjson",
    "github.com/decred/dcrd/dcrutil",
    "github.com/decred/dcrd/hdkeychain",
    "github.com/decred/dcrd/rpcclient",
    "github.com/decred/dcrd/txscript",
    "github.com/decred/dcrd/wire",
    "github.com/decred/dcrwallet/chain",
    "github.com/decred/dcrwallet/errors",
    "github.com/decred/dcrwallet/loader",
    "github.com/decred/dcrwallet/netparams",
    "github.com/decred/dcrwallet/p2p",
    "github.com/decred/dcrwallet/spv",
    "github.com/decred/dcrwallet/ticketbuyer",
    "github.com/decred/dcrwallet/ticketbuyer/v2",
    "github.com/decred/dcrwallet/wallet",
    "github.com/decred/dcrwallet/wallet/txrules",
    "github.com/decred/dcrwallet/wallet/udb",
    "github.com/decred/dcrwallet/walletseed",
    "github.com/decred/slog",
    "github.com/jrick/logrotate/rotator",
  ]
  solver-name = "gps-cdcl"
  solver-version = 1
