# This file is autogenerated, do not edit; changes may be undone by the next 'dep ensure'.


[[projects]]
  branch = "master"
  name = "github.com/agl/ed25519"
  packages = [
    ".",
    "edwards25519"
  ]
  revision = "5312a61534124124185d41f09206b9fef1d88403"

[[projects]]
  name = "github.com/boltdb/bolt"
  packages = ["."]
  revision = "2f1ce7a837dcb8da3ec595b1dac9d0632f0f99e8"
  version = "v1.3.1"

[[projects]]
  branch = "master"
  name = "github.com/btcsuite/btclog"
  packages = ["."]
  revision = "84c8d2346e9fc8c7b947e243b9c24e6df9fd206a"

[[projects]]
  branch = "master"
  name = "github.com/btcsuite/go-socks"
  packages = ["socks"]
  revision = "4720035b7bfd2a9bb130b1c184f8bbe41b6f0d0f"

[[projects]]
  branch = "master"
  name = "github.com/btcsuite/websocket"
  packages = ["."]
  revision = "31079b6807923eb23992c421b114992b95131b55"

[[projects]]
  branch = "master"
  name = "github.com/dchest/blake256"
  packages = ["."]
  revision = "dee3fe6eb0e98dc774a94fc231f85baf7c29d360"

[[projects]]
  branch = "master"
  name = "github.com/decred/base58"
  packages = ["."]
  revision = "56c501706f00d9e1cfacee19a27117e12da24734"

[[projects]]
  branch = "master"
  name = "github.com/decred/dcrd"
  packages = [
    "blockchain",
    "blockchain/indexers",
    "blockchain/internal/dbnamespace",
    "blockchain/internal/progresslog",
    "blockchain/stake",
    "blockchain/stake/internal/dbnamespace",
    "blockchain/stake/internal/ticketdb",
    "blockchain/stake/internal/tickettreap",
    "chaincfg",
    "chaincfg/chainec",
    "chaincfg/chainhash",
    "database",
    "dcrec/edwards",
    "dcrec/secp256k1",
    "dcrec/secp256k1/schnorr",
    "dcrjson",
    "dcrutil",
    "hdkeychain",
    "mempool",
    "mining",
    "rpcclient",
    "txscript",
    "wire"
  ]
  revision = "4e01f768cb28a138b1b51dc17f0de284703b5f7a"

[[projects]]
  name = "github.com/decred/dcrwallet"
  packages = [
    "apperrors",
    "chain",
    "internal/helpers",
    "internal/zero",
    "loader",
    "netparams",
    "pgpwordlist",
    "snacl",
    "ticketbuyer",
    "wallet",
    "wallet/internal/txsizes",
    "wallet/txauthor",
    "wallet/txrules",
    "wallet/udb",
    "walletdb",
    "walletdb/bdb",
    "walletseed"
  ]
  revision = "87b1f9a230dfa916a4501c2360e741081ca035a0"

[[projects]]
  branch = "master"
  name = "github.com/jrick/bitset"
  packages = ["."]
  revision = "06eae37cdf93c699c0503c23f998167ce841974c"

[[projects]]
  branch = "master"
  name = "github.com/jrick/logrotate"
  packages = ["rotator"]
  revision = "a93b200c26cbae3bb09dd0dc2c7c7fe1468a034a"

[[projects]]
  branch = "master"
  name = "golang.org/x/crypto"
  packages = [
    "nacl/secretbox",
    "pbkdf2",
    "poly1305",
    "ripemd160",
    "salsa20/salsa",
    "scrypt"
  ]
  revision = "80db560fac1fb3e6ac81dbc7f8ae4c061f5257bd"

[[projects]]
  branch = "master"
  name = "golang.org/x/net"
  packages = ["context"]
  revision = "6078986fec03a1dcc236c34816c71b0e05018fda"

[[projects]]
  branch = "master"
  name = "golang.org/x/sync"
  packages = ["errgroup"]
  revision = "1d60e4601c6fd243af51cc01ddf169918a5407ca"

[[projects]]
  branch = "master"
  name = "golang.org/x/sys"
  packages = ["unix"]
  revision = "7ceb54c8418b8f9cdf0177b511d5cbb06e9fae39"

[solve-meta]
  analyzer-name = "dep"
  analyzer-version = 1
  inputs-digest = "701ae5af851a67798762940dda2019f99d0ca5fe685b25aa4a3592eb0029d144"
  solver-name = "gps-cdcl"
  solver-version = 1
